
Microsoft Visual Studio Solution File, Format Version 12.00
# Visual Studio Version 17
VisualStudioVersion = 17.3.32819.101
MinimumVisualStudioVersion = 10.0.40219.1
Project("{FAE04EC0-301F-11D3-BF4B-00C04F79EFBC}") = "pryArlaEPR", "pryArlaEPR.csproj", "{FC5E9F28-C63B-4DA6-9863-70C493E91DFE}"
EndProject
Global
	GlobalSection(SolutionConfigurationPlatforms) = preSolution
		Debug|Any CPU = Debug|Any CPU
		Release|Any CPU = Release|Any CPU
	EndGlobalSection
	GlobalSection(ProjectConfigurationPlatforms) = postSolution
		{FC5E9F28-C63B-4DA6-9863-70C493E91DFE}.Debug|Any CPU.ActiveCfg = Debug|Any CPU
		{FC5E9F28-C63B-4DA6-9863-70C493E91DFE}.Debug|Any CPU.Build.0 = Debug|Any CPU
		{FC5E9F28-C63B-4DA6-9863-70C493E91DFE}.Release|Any CPU.ActiveCfg = Release|Any CPU
		{FC5E9F28-C63B-4DA6-9863-70C493E91DFE}.Release|Any CPU.Build.0 = Release|Any CPU
	EndGlobalSection
	GlobalSection(SolutionProperties) = preSolution
		HideSolutionNode = FALSE
	EndGlobalSection
	GlobalSection(ExtensibilityGlobals) = postSolution
		SolutionGuid = {3EFEDB9A-BEED-4898-BA16-DE58327F307A}
	EndGlobalSection
EndGlobal
